
Microsoft Visual Studio Solution File, Format Version 12.00
# Visual Studio Version 17
VisualStudioVersion = 17.3.32929.385
MinimumVisualStudioVersion = 10.0.40219.1
Project("{FAE04EC0-301F-11D3-BF4B-00C04F79EFBC}") = "UserWebApplication", "UserWebApplication\UserWebApplication.csproj", "{085755FD-27D2-4629-909A-C39059AD09C4}"
EndProject
Global
	GlobalSection(SolutionConfigurationPlatforms) = preSolution
		Debug|Any CPU = Debug|Any CPU
		Release|Any CPU = Release|Any CPU
	EndGlobalSection
	GlobalSection(ProjectConfigurationPlatforms) = postSolution
		{085755FD-27D2-4629-909A-C39059AD09C4}.Debug|Any CPU.ActiveCfg = Debug|Any CPU
		{085755FD-27D2-4629-909A-C39059AD09C4}.Debug|Any CPU.Build.0 = Debug|Any CPU
		{085755FD-27D2-4629-909A-C39059AD09C4}.Release|Any CPU.ActiveCfg = Release|Any CPU
		{085755FD-27D2-4629-909A-C39059AD09C4}.Release|Any CPU.Build.0 = Release|Any CPU
	EndGlobalSection
	GlobalSection(SolutionProperties) = preSolution
		HideSolutionNode = FALSE
	EndGlobalSection
	GlobalSection(ExtensibilityGlobals) = postSolution
		SolutionGuid = {56CF96A0-2793-4DC3-9516-2E4B32E30AE9}
	EndGlobalSection
EndGlobal
